<Solution>
  <Folder Name="/Solvers/">
    <Project Path="Dlx/Dlx.csproj" />
    <Project Path="DynamicSolver/DynamicSolver.csproj" />
    <Project Path="Reference/Reference.csproj" />
    <Project Path="StrategyBased/StrategyBased.csproj" />
  </Folder>
  <Project Path=".net.csproj" />
  <Project Path="Benchmark/Benchmark.csproj" />
  <Project Path="Puzzles/Puzzles.csproj" />
  <Project Path="Specs/Specs.csproj" />
  <Project Path="Sudoku/Sudoku.csproj" />
</Solution>
