
Microsoft Visual Studio Solution File, Format Version 12.00
# Visual Studio 2012
Project("{FAE04EC0-301F-11D3-BF4B-00C04F79EFBC}") = "GentleWare.Sudoku", "GentleWare.Sudoku.csproj", "{9E139EBD-27FD-4828-8AE2-BE70A7BC0085}"
EndProject
Project("{FAE04EC0-301F-11D3-BF4B-00C04F79EFBC}") = "GentleWare.Sudoku.UnitTests", "..\GentleWare.Sudoku.UnitTests\GentleWare.Sudoku.UnitTests.csproj", "{3DAFEC1A-76D6-420B-A181-33F642D03B28}"
EndProject
Global
	GlobalSection(SolutionConfigurationPlatforms) = preSolution
		Debug|Any CPU = Debug|Any CPU
		Release|Any CPU = Release|Any CPU
	EndGlobalSection
	GlobalSection(ProjectConfigurationPlatforms) = postSolution
		{9E139EBD-27FD-4828-8AE2-BE70A7BC0085}.Debug|Any CPU.ActiveCfg = Debug|Any CPU
		{9E139EBD-27FD-4828-8AE2-BE70A7BC0085}.Debug|Any CPU.Build.0 = Debug|Any CPU
		{9E139EBD-27FD-4828-8AE2-BE70A7BC0085}.Release|Any CPU.ActiveCfg = Release|Any CPU
		{9E139EBD-27FD-4828-8AE2-BE70A7BC0085}.Release|Any CPU.Build.0 = Release|Any CPU
		{3DAFEC1A-76D6-420B-A181-33F642D03B28}.Debug|Any CPU.ActiveCfg = Debug|Any CPU
		{3DAFEC1A-76D6-420B-A181-33F642D03B28}.Debug|Any CPU.Build.0 = Debug|Any CPU
		{3DAFEC1A-76D6-420B-A181-33F642D03B28}.Release|Any CPU.ActiveCfg = Release|Any CPU
		{3DAFEC1A-76D6-420B-A181-33F642D03B28}.Release|Any CPU.Build.0 = Release|Any CPU
	EndGlobalSection
	GlobalSection(SolutionProperties) = preSolution
		HideSolutionNode = FALSE
	EndGlobalSection
EndGlobal
