{
  "version": 2,
  "dependencies": {
    "net10.0": {
      "DotNetProjectFile.Analyzers": {
        "type": "Direct",
        "requested": "[1.13.1, )",
        "resolved": "1.13.1",
        "contentHash": "nDIThFLyqnihw9eTStm0oteWT31DanE/0k07TDWxcqrlG4wfEoTY4cWNr3MxLBSoXCI6MdkhUIxyrVB53yrM9A=="
      },
      "Qowaiv.Analyzers.CSharp": {
        "type": "Direct",
        "requested": "[2.4.0, )",
        "resolved": "2.4.0",
        "contentHash": "Hx8kO7ZA1+Or3V6JnX/YyGLYSIKCLCsN9truQyZscZ+KfJkO+k4FG/HpaUTjTzlYeGKG9gBKFXgoTttYedk/0g=="
      },
      "SonarAnalyzer.CSharp": {
        "type": "Direct",
        "requested": "[10.25.0.139117, )",
        "resolved": "10.25.0.139117",
        "contentHash": "2iBZIkcgsaUNyIPFqR9ECv5PLbAwV9I/v/PeEiMdkfhWEAnqD7VyNXzukQDlL/D24f5OoUc4MbWF5SgYI7x3CA=="
      },
      "dlx": {
        "type": "Project",
        "dependencies": {
          "Sudoku": "[1.0.0, )"
        }
      },
      "dynamicsolver": {
        "type": "Project",
        "dependencies": {
          "Sudoku": "[1.0.0, )"
        }
      },
      "generator": {
        "type": "Project",
        "dependencies": {
          "StrategyBased": "[1.0.0, )",
          "Sudoku": "[1.0.0, )"
        }
      },
      "puzzles": {
        "type": "Project",
        "dependencies": {
          "Sudoku": "[1.0.0, )"
        }
      },
      "reference": {
        "type": "Project",
        "dependencies": {
          "Sudoku": "[1.0.0, )"
        }
      },
      "strategybased": {
        "type": "Project",
        "dependencies": {
          "Sudoku": "[1.0.0, )"
        }
      },
      "sudoku": {
        "type": "Project"
      }
    }
  }
}